
Microsoft Visual Studio Solution File, Format Version 12.00
# Visual Studio Version 16
VisualStudioVersion = 16.0.29230.47
MinimumVisualStudioVersion = 10.0.40219.1
Project("{FAE04EC0-301F-11D3-BF4B-00C04F79EFBC}") = "ChatLib", "ChatLib\ChatLib.csproj", "{16AAA6B1-40AB-48AC-B571-7AEC381985CF}"
EndProject
Project("{FAE04EC0-301F-11D3-BF4B-00C04F79EFBC}") = "Server", "Server\Server.csproj", "{1EDC7878-9C27-44E0-8AE3-CAE429CDF616}"
EndProject
Project("{FAE04EC0-301F-11D3-BF4B-00C04F79EFBC}") = "Client", "Client\Client.csproj", "{8E351EFA-A930-4C36-B8B2-ACBA30A0318A}"
EndProject
Global
	GlobalSection(SolutionConfigurationPlatforms) = preSolution
		Debug|Any CPU = Debug|Any CPU
		Release|Any CPU = Release|Any CPU
	EndGlobalSection
	GlobalSection(ProjectConfigurationPlatforms) = postSolution
		{16AAA6B1-40AB-48AC-B571-7AEC381985CF}.Debug|Any CPU.ActiveCfg = Debug|Any CPU
		{16AAA6B1-40AB-48AC-B571-7AEC381985CF}.Debug|Any CPU.Build.0 = Debug|Any CPU
		{16AAA6B1-40AB-48AC-B571-7AEC381985CF}.Release|Any CPU.ActiveCfg = Release|Any CPU
		{16AAA6B1-40AB-48AC-B571-7AEC381985CF}.Release|Any CPU.Build.0 = Release|Any CPU
		{1EDC7878-9C27-44E0-8AE3-CAE429CDF616}.Debug|Any CPU.ActiveCfg = Debug|Any CPU
		{1EDC7878-9C27-44E0-8AE3-CAE429CDF616}.Debug|Any CPU.Build.0 = Debug|Any CPU
		{1EDC7878-9C27-44E0-8AE3-CAE429CDF616}.Release|Any CPU.ActiveCfg = Release|Any CPU
		{1EDC7878-9C27-44E0-8AE3-CAE429CDF616}.Release|Any CPU.Build.0 = Release|Any CPU
		{8E351EFA-A930-4C36-B8B2-ACBA30A0318A}.Debug|Any CPU.ActiveCfg = Debug|Any CPU
		{8E351EFA-A930-4C36-B8B2-ACBA30A0318A}.Debug|Any CPU.Build.0 = Debug|Any CPU
		{8E351EFA-A930-4C36-B8B2-ACBA30A0318A}.Release|Any CPU.ActiveCfg = Release|Any CPU
		{8E351EFA-A930-4C36-B8B2-ACBA30A0318A}.Release|Any CPU.Build.0 = Release|Any CPU
	EndGlobalSection
	GlobalSection(SolutionProperties) = preSolution
		HideSolutionNode = FALSE
	EndGlobalSection
	GlobalSection(ExtensibilityGlobals) = postSolution
		SolutionGuid = {B141AC04-9984-455D-A466-271BDEF5AAA8}
	EndGlobalSection
EndGlobal
